
Microsoft Visual Studio Solution File, Format Version 11.00
# Visual Studio 2010
Project("{FAE04EC0-301F-11D3-BF4B-00C04F79EFBC}") = "CrcStudio", "CrcStudio\CrcStudio.csproj", "{4CA4B0CA-C401-4DA2-AC7B-B5AD98941147}"
EndProject
Project("{FAE04EC0-301F-11D3-BF4B-00C04F79EFBC}") = "CrcStudio.TabControl", "CrcStudio.TabControl\CrcStudio.TabControl.csproj", "{7D131BF8-7329-44F8-B072-12B19A178255}"
EndProject
Project("{FAE04EC0-301F-11D3-BF4B-00C04F79EFBC}") = "CrcStudio.Zip", "CrcStudio.Zip\CrcStudio.Zip.csproj", "{6DAB6DAF-D776-4A3B-A01D-69271D95582F}"
EndProject
Project("{2150E333-8FDC-42A3-9474-1A3956D46DE8}") = "Solution Items", "Solution Items", "{6DC264F8-8549-45F6-A1D5-1C297BE3FEE1}"
EndProject
Global
	GlobalSection(SolutionConfigurationPlatforms) = preSolution
		Debug|Any CPU = Debug|Any CPU
		Debug|Mixed Platforms = Debug|Mixed Platforms
		Debug|x86 = Debug|x86
		Release|Any CPU = Release|Any CPU
		Release|Mixed Platforms = Release|Mixed Platforms
		Release|x86 = Release|x86
	EndGlobalSection
	GlobalSection(ProjectConfigurationPlatforms) = postSolution
		{4CA4B0CA-C401-4DA2-AC7B-B5AD98941147}.Debug|Any CPU.ActiveCfg = Debug|x86
		{4CA4B0CA-C401-4DA2-AC7B-B5AD98941147}.Debug|Any CPU.Build.0 = Debug|x86
		{4CA4B0CA-C401-4DA2-AC7B-B5AD98941147}.Debug|Mixed Platforms.ActiveCfg = Debug|x86
		{4CA4B0CA-C401-4DA2-AC7B-B5AD98941147}.Debug|Mixed Platforms.Build.0 = Debug|x86
		{4CA4B0CA-C401-4DA2-AC7B-B5AD98941147}.Debug|x86.ActiveCfg = Debug|x86
		{4CA4B0CA-C401-4DA2-AC7B-B5AD98941147}.Debug|x86.Build.0 = Debug|x86
		{4CA4B0CA-C401-4DA2-AC7B-B5AD98941147}.Release|Any CPU.ActiveCfg = Release|x86
		{4CA4B0CA-C401-4DA2-AC7B-B5AD98941147}.Release|Any CPU.Build.0 = Release|x86
		{4CA4B0CA-C401-4DA2-AC7B-B5AD98941147}.Release|Mixed Platforms.ActiveCfg = Release|x86
		{4CA4B0CA-C401-4DA2-AC7B-B5AD98941147}.Release|Mixed Platforms.Build.0 = Release|x86
		{4CA4B0CA-C401-4DA2-AC7B-B5AD98941147}.Release|x86.ActiveCfg = Release|x86
		{4CA4B0CA-C401-4DA2-AC7B-B5AD98941147}.Release|x86.Build.0 = Release|x86
		{7D131BF8-7329-44F8-B072-12B19A178255}.Debug|Any CPU.ActiveCfg = Debug|x86
		{7D131BF8-7329-44F8-B072-12B19A178255}.Debug|Any CPU.Build.0 = Debug|x86
		{7D131BF8-7329-44F8-B072-12B19A178255}.Debug|Mixed Platforms.ActiveCfg = Debug|x86
		{7D131BF8-7329-44F8-B072-12B19A178255}.Debug|Mixed Platforms.Build.0 = Debug|x86
		{7D131BF8-7329-44F8-B072-12B19A178255}.Debug|x86.ActiveCfg = Debug|x86
		{7D131BF8-7329-44F8-B072-12B19A178255}.Debug|x86.Build.0 = Debug|x86
		{7D131BF8-7329-44F8-B072-12B19A178255}.Release|Any CPU.ActiveCfg = Release|x86
		{7D131BF8-7329-44F8-B072-12B19A178255}.Release|Any CPU.Build.0 = Release|x86
		{7D131BF8-7329-44F8-B072-12B19A178255}.Release|Mixed Platforms.ActiveCfg = Release|x86
		{7D131BF8-7329-44F8-B072-12B19A178255}.Release|Mixed Platforms.Build.0 = Release|x86
		{7D131BF8-7329-44F8-B072-12B19A178255}.Release|x86.ActiveCfg = Release|x86
		{7D131BF8-7329-44F8-B072-12B19A178255}.Release|x86.Build.0 = Release|x86
		{6DAB6DAF-D776-4A3B-A01D-69271D95582F}.Debug|Any CPU.ActiveCfg = Debug|x86
		{6DAB6DAF-D776-4A3B-A01D-69271D95582F}.Debug|Any CPU.Build.0 = Debug|x86
		{6DAB6DAF-D776-4A3B-A01D-69271D95582F}.Debug|Mixed Platforms.ActiveCfg = Debug|x86
		{6DAB6DAF-D776-4A3B-A01D-69271D95582F}.Debug|Mixed Platforms.Build.0 = Debug|x86
		{6DAB6DAF-D776-4A3B-A01D-69271D95582F}.Debug|x86.ActiveCfg = Debug|x86
		{6DAB6DAF-D776-4A3B-A01D-69271D95582F}.Debug|x86.Build.0 = Debug|x86
		{6DAB6DAF-D776-4A3B-A01D-69271D95582F}.Release|Any CPU.ActiveCfg = Release|x86
		{6DAB6DAF-D776-4A3B-A01D-69271D95582F}.Release|Any CPU.Build.0 = Release|x86
		{6DAB6DAF-D776-4A3B-A01D-69271D95582F}.Release|Mixed Platforms.ActiveCfg = Release|x86
		{6DAB6DAF-D776-4A3B-A01D-69271D95582F}.Release|Mixed Platforms.Build.0 = Release|x86
		{6DAB6DAF-D776-4A3B-A01D-69271D95582F}.Release|x86.ActiveCfg = Release|x86
		{6DAB6DAF-D776-4A3B-A01D-69271D95582F}.Release|x86.Build.0 = Release|x86
	EndGlobalSection
	GlobalSection(SolutionProperties) = preSolution
		HideSolutionNode = FALSE
	EndGlobalSection
EndGlobal
